
Microsoft Visual Studio Solution File, Format Version 12.00
# Visual Studio 2013
VisualStudioVersion = 12.0.30723.0
MinimumVisualStudioVersion = 10.0.40219.1
Project("{FAE04EC0-301F-11D3-BF4B-00C04F79EFBC}") = "SocketServer", "..\SocketServer\SocketServer.csproj", "{3AB5D292-072A-49BB-A818-6CCA88FDA304}"
EndProject
Project("{FAE04EC0-301F-11D3-BF4B-00C04F79EFBC}") = "SocketCommon", "SocketCommon\SocketCommon.csproj", "{70DCCC9C-FE96-4682-84D3-51EBEBF31E6D}"
EndProject
Project("{FAE04EC0-301F-11D3-BF4B-00C04F79EFBC}") = "DebugHelper", "..\DebugHelper\DebugHelper.csproj", "{1151E310-1EBE-4A56-A1F6-D0DE85AA222D}"
EndProject
Project("{2150E333-8FDC-42A3-9474-1A3956D46DE8}") = "Server", "Server", "{DA01EC68-B8D4-428C-951E-786A9403D6AC}"
EndProject
Project("{2150E333-8FDC-42A3-9474-1A3956D46DE8}") = "Desktop", "Desktop", "{7FDDF2B3-55D8-4768-B99B-1C44A8E3BFAB}"
EndProject
Project("{2150E333-8FDC-42A3-9474-1A3956D46DE8}") = "Common", "Common", "{FC550C11-5FFC-452F-ADD3-A09C5AF862CC}"
EndProject
Global
	GlobalSection(SolutionConfigurationPlatforms) = preSolution
		Debug|Any CPU = Debug|Any CPU
		Release|Any CPU = Release|Any CPU
		Test|Any CPU = Test|Any CPU
	EndGlobalSection
	GlobalSection(ProjectConfigurationPlatforms) = postSolution
		{3AB5D292-072A-49BB-A818-6CCA88FDA304}.Debug|Any CPU.ActiveCfg = Debug|Any CPU
		{3AB5D292-072A-49BB-A818-6CCA88FDA304}.Debug|Any CPU.Build.0 = Debug|Any CPU
		{3AB5D292-072A-49BB-A818-6CCA88FDA304}.Release|Any CPU.ActiveCfg = Release|Any CPU
		{3AB5D292-072A-49BB-A818-6CCA88FDA304}.Release|Any CPU.Build.0 = Release|Any CPU
		{3AB5D292-072A-49BB-A818-6CCA88FDA304}.Test|Any CPU.ActiveCfg = Debug|Any CPU
		{70DCCC9C-FE96-4682-84D3-51EBEBF31E6D}.Debug|Any CPU.ActiveCfg = Debug|Any CPU
		{70DCCC9C-FE96-4682-84D3-51EBEBF31E6D}.Debug|Any CPU.Build.0 = Debug|Any CPU
		{70DCCC9C-FE96-4682-84D3-51EBEBF31E6D}.Release|Any CPU.ActiveCfg = Release|Any CPU
		{70DCCC9C-FE96-4682-84D3-51EBEBF31E6D}.Release|Any CPU.Build.0 = Release|Any CPU
		{70DCCC9C-FE96-4682-84D3-51EBEBF31E6D}.Test|Any CPU.ActiveCfg = Debug|Any CPU
		{70DCCC9C-FE96-4682-84D3-51EBEBF31E6D}.Test|Any CPU.Build.0 = Debug|Any CPU
		{1151E310-1EBE-4A56-A1F6-D0DE85AA222D}.Debug|Any CPU.ActiveCfg = Debug|Any CPU
		{1151E310-1EBE-4A56-A1F6-D0DE85AA222D}.Release|Any CPU.ActiveCfg = Release|Any CPU
		{1151E310-1EBE-4A56-A1F6-D0DE85AA222D}.Release|Any CPU.Build.0 = Release|Any CPU
		{1151E310-1EBE-4A56-A1F6-D0DE85AA222D}.Test|Any CPU.ActiveCfg = Debug|Any CPU
		{1151E310-1EBE-4A56-A1F6-D0DE85AA222D}.Test|Any CPU.Build.0 = Debug|Any CPU
	EndGlobalSection
	GlobalSection(SolutionProperties) = preSolution
		HideSolutionNode = FALSE
	EndGlobalSection
	GlobalSection(NestedProjects) = preSolution
		{3AB5D292-072A-49BB-A818-6CCA88FDA304} = {DA01EC68-B8D4-428C-951E-786A9403D6AC}
		{70DCCC9C-FE96-4682-84D3-51EBEBF31E6D} = {FC550C11-5FFC-452F-ADD3-A09C5AF862CC}
		{1151E310-1EBE-4A56-A1F6-D0DE85AA222D} = {7FDDF2B3-55D8-4768-B99B-1C44A8E3BFAB}
	EndGlobalSection
EndGlobal
